
Microsoft Visual Studio Solution File, Format Version 12.00
# Visual Studio Version 16
VisualStudioVersion = 16.0.30804.86
MinimumVisualStudioVersion = 10.0.40219.1
Project("{FAE04EC0-301F-11D3-BF4B-00C04F79EFBC}") = "test12Program", "test12Program\test12Program.csproj", "{B09E4FAE-82BF-4B10-A2DD-24AFE5169044}"
EndProject
Global
	GlobalSection(SolutionConfigurationPlatforms) = preSolution
		Debug|Any CPU = Debug|Any CPU
		Release|Any CPU = Release|Any CPU
	EndGlobalSection
	GlobalSection(ProjectConfigurationPlatforms) = postSolution
		{B09E4FAE-82BF-4B10-A2DD-24AFE5169044}.Debug|Any CPU.ActiveCfg = Debug|Any CPU
		{B09E4FAE-82BF-4B10-A2DD-24AFE5169044}.Debug|Any CPU.Build.0 = Debug|Any CPU
		{B09E4FAE-82BF-4B10-A2DD-24AFE5169044}.Release|Any CPU.ActiveCfg = Release|Any CPU
		{B09E4FAE-82BF-4B10-A2DD-24AFE5169044}.Release|Any CPU.Build.0 = Release|Any CPU
	EndGlobalSection
	GlobalSection(SolutionProperties) = preSolution
		HideSolutionNode = FALSE
	EndGlobalSection
	GlobalSection(ExtensibilityGlobals) = postSolution
		SolutionGuid = {E9F68286-9FBB-4613-AA80-1859341E14D0}
	EndGlobalSection
EndGlobal
