
Microsoft Visual Studio Solution File, Format Version 12.00
# Visual Studio Version 16
VisualStudioVersion = 16.0.30804.86
MinimumVisualStudioVersion = 10.0.40219.1
Project("{FAE04EC0-301F-11D3-BF4B-00C04F79EFBC}") = "HOT15", "HOT15\HOT15.csproj", "{53205B86-7E04-4470-81D3-1642E3F1E62D}"
EndProject
Global
	GlobalSection(SolutionConfigurationPlatforms) = preSolution
		Debug|Any CPU = Debug|Any CPU
		Release|Any CPU = Release|Any CPU
	EndGlobalSection
	GlobalSection(ProjectConfigurationPlatforms) = postSolution
		{53205B86-7E04-4470-81D3-1642E3F1E62D}.Debug|Any CPU.ActiveCfg = Debug|Any CPU
		{53205B86-7E04-4470-81D3-1642E3F1E62D}.Debug|Any CPU.Build.0 = Debug|Any CPU
		{53205B86-7E04-4470-81D3-1642E3F1E62D}.Release|Any CPU.ActiveCfg = Release|Any CPU
		{53205B86-7E04-4470-81D3-1642E3F1E62D}.Release|Any CPU.Build.0 = Release|Any CPU
	EndGlobalSection
	GlobalSection(SolutionProperties) = preSolution
		HideSolutionNode = FALSE
	EndGlobalSection
	GlobalSection(ExtensibilityGlobals) = postSolution
		SolutionGuid = {F1ACE2FD-C51C-4F8A-86E9-173A9FC97A18}
	EndGlobalSection
EndGlobal
